
Microsoft Visual Studio Solution File, Format Version 12.00
# Visual Studio Version 17
VisualStudioVersion = 17.10.35027.167
MinimumVisualStudioVersion = 10.0.40219.1
Project("{FAE04EC0-301F-11D3-BF4B-00C04F79EFBC}") = "BookService", "BookService\BookService.csproj", "{2CD8B32E-9223-4F66-AF5A-1C88B3CB0E77}"
EndProject
Global
	GlobalSection(SolutionConfigurationPlatforms) = preSolution
		Debug|Any CPU = Debug|Any CPU
		Release|Any CPU = Release|Any CPU
	EndGlobalSection
	GlobalSection(ProjectConfigurationPlatforms) = postSolution
		{2CD8B32E-9223-4F66-AF5A-1C88B3CB0E77}.Debug|Any CPU.ActiveCfg = Debug|Any CPU
		{2CD8B32E-9223-4F66-AF5A-1C88B3CB0E77}.Debug|Any CPU.Build.0 = Debug|Any CPU
		{2CD8B32E-9223-4F66-AF5A-1C88B3CB0E77}.Release|Any CPU.ActiveCfg = Release|Any CPU
		{2CD8B32E-9223-4F66-AF5A-1C88B3CB0E77}.Release|Any CPU.Build.0 = Release|Any CPU
	EndGlobalSection
	GlobalSection(SolutionProperties) = preSolution
		HideSolutionNode = FALSE
	EndGlobalSection
	GlobalSection(ExtensibilityGlobals) = postSolution
		SolutionGuid = {6D22BF3D-9F35-49F8-A1F1-CF05D0C7B763}
	EndGlobalSection
EndGlobal
